
Microsoft Visual Studio Solution File, Format Version 12.00
# Visual Studio 2013
VisualStudioVersion = 12.0.31101.0
MinimumVisualStudioVersion = 10.0.40219.1
Project("{FAE04EC0-301F-11D3-BF4B-00C04F79EFBC}") = "Piplapis", "Piplapis\Piplapis.csproj", "{E9921187-C395-422D-844A-6136C55CD6BC}"
EndProject
Global
	GlobalSection(SolutionConfigurationPlatforms) = preSolution
		Debug|Any CPU = Debug|Any CPU
		Release|Any CPU = Release|Any CPU
	EndGlobalSection
	GlobalSection(ProjectConfigurationPlatforms) = postSolution
		{E9921187-C395-422D-844A-6136C55CD6BC}.Debug|Any CPU.ActiveCfg = Release|Any CPU
		{E9921187-C395-422D-844A-6136C55CD6BC}.Debug|Any CPU.Build.0 = Release|Any CPU
		{E9921187-C395-422D-844A-6136C55CD6BC}.Release|Any CPU.ActiveCfg = Release|Any CPU
		{E9921187-C395-422D-844A-6136C55CD6BC}.Release|Any CPU.Build.0 = Release|Any CPU
	EndGlobalSection
	GlobalSection(SolutionProperties) = preSolution
		HideSolutionNode = FALSE
	EndGlobalSection
	GlobalSection(SubversionScc) = preSolution
		Svn-Managed = True
		Manager = AnkhSVN - Subversion Support for Visual Studio
	EndGlobalSection
EndGlobal
